
Microsoft Visual Studio Solution File, Format Version 12.00
# Visual Studio Version 16
VisualStudioVersion = 16.0.33130.400
MinimumVisualStudioVersion = 10.0.40219.1
Project("{FAE04EC0-301F-11D3-BF4B-00C04F79EFBC}") = "vsGUI", "vsGUI.csproj", "{989CEAC5-4B0D-46B4-B7F3-2911BE01EFA8}"
EndProject
Global
	GlobalSection(SolutionConfigurationPlatforms) = preSolution
		Debug|Any CPU = Debug|Any CPU
		Release|Any CPU = Release|Any CPU
	EndGlobalSection
	GlobalSection(ProjectConfigurationPlatforms) = postSolution
		{989CEAC5-4B0D-46B4-B7F3-2911BE01EFA8}.Debug|Any CPU.ActiveCfg = Debug|Any CPU
		{989CEAC5-4B0D-46B4-B7F3-2911BE01EFA8}.Debug|Any CPU.Build.0 = Debug|Any CPU
		{989CEAC5-4B0D-46B4-B7F3-2911BE01EFA8}.Release|Any CPU.ActiveCfg = Release|Any CPU
		{989CEAC5-4B0D-46B4-B7F3-2911BE01EFA8}.Release|Any CPU.Build.0 = Release|Any CPU
	EndGlobalSection
	GlobalSection(SolutionProperties) = preSolution
		HideSolutionNode = FALSE
	EndGlobalSection
	GlobalSection(ExtensibilityGlobals) = postSolution
		SolutionGuid = {191DD5E4-92A3-42FF-BEAA-61907EDC9A40}
	EndGlobalSection
EndGlobal
